
Microsoft Visual Studio Solution File, Format Version 12.00
# Visual Studio Version 17
VisualStudioVersion = 17.11.35312.102
MinimumVisualStudioVersion = 10.0.40219.1
Project("{FAE04EC0-301F-11D3-BF4B-00C04F79EFBC}") = "Telemetry_ApplicationInsights_poc", "Telemetry_ApplicationInsights_poc.csproj", "{15C97F8F-26BA-44A9-9560-DDC7D69A897F}"
EndProject
Global
	GlobalSection(SolutionConfigurationPlatforms) = preSolution
		Debug|Any CPU = Debug|Any CPU
		Release|Any CPU = Release|Any CPU
	EndGlobalSection
	GlobalSection(ProjectConfigurationPlatforms) = postSolution
		{15C97F8F-26BA-44A9-9560-DDC7D69A897F}.Debug|Any CPU.ActiveCfg = Debug|Any CPU
		{15C97F8F-26BA-44A9-9560-DDC7D69A897F}.Debug|Any CPU.Build.0 = Debug|Any CPU
		{15C97F8F-26BA-44A9-9560-DDC7D69A897F}.Release|Any CPU.ActiveCfg = Release|Any CPU
		{15C97F8F-26BA-44A9-9560-DDC7D69A897F}.Release|Any CPU.Build.0 = Release|Any CPU
	EndGlobalSection
	GlobalSection(SolutionProperties) = preSolution
		HideSolutionNode = FALSE
	EndGlobalSection
	GlobalSection(ExtensibilityGlobals) = postSolution
		SolutionGuid = {A5EB8A26-E0FD-4255-8BA3-94A0F30CE584}
	EndGlobalSection
EndGlobal
