
Microsoft Visual Studio Solution File, Format Version 12.00
# Visual Studio Version 17
VisualStudioVersion = 17.11.35312.102
MinimumVisualStudioVersion = 10.0.40219.1
Project("{FAE04EC0-301F-11D3-BF4B-00C04F79EFBC}") = "Filter_poc", "Filter_poc.csproj", "{3CF4396C-AF38-4EE8-AF66-3CF86BDF666A}"
EndProject
Global
	GlobalSection(SolutionConfigurationPlatforms) = preSolution
		Debug|Any CPU = Debug|Any CPU
		Release|Any CPU = Release|Any CPU
	EndGlobalSection
	GlobalSection(ProjectConfigurationPlatforms) = postSolution
		{3CF4396C-AF38-4EE8-AF66-3CF86BDF666A}.Debug|Any CPU.ActiveCfg = Debug|Any CPU
		{3CF4396C-AF38-4EE8-AF66-3CF86BDF666A}.Debug|Any CPU.Build.0 = Debug|Any CPU
		{3CF4396C-AF38-4EE8-AF66-3CF86BDF666A}.Release|Any CPU.ActiveCfg = Release|Any CPU
		{3CF4396C-AF38-4EE8-AF66-3CF86BDF666A}.Release|Any CPU.Build.0 = Release|Any CPU
	EndGlobalSection
	GlobalSection(SolutionProperties) = preSolution
		HideSolutionNode = FALSE
	EndGlobalSection
	GlobalSection(ExtensibilityGlobals) = postSolution
		SolutionGuid = {E8A60CAC-E610-41DE-B2A8-69571B20CDA1}
	EndGlobalSection
EndGlobal
